
Microsoft Visual Studio Solution File, Format Version 12.00
# Visual Studio Version 17
VisualStudioVersion = 17.3.32901.215
MinimumVisualStudioVersion = 10.0.40219.1
Project("{FAE04EC0-301F-11D3-BF4B-00C04F79EFBC}") = "SQLRepository", "SQLRepository\SQLRepository.csproj", "{E13D335C-C9B6-4245-ACFE-2DEDC4685251}"
EndProject
Project("{FAE04EC0-301F-11D3-BF4B-00C04F79EFBC}") = "DataObjects", "DataObjects\DataObjects.csproj", "{3BDC3D4B-CECE-47EE-BBB5-CBCE550D4910}"
EndProject
Global
	GlobalSection(SolutionConfigurationPlatforms) = preSolution
		Debug|Any CPU = Debug|Any CPU
		Release|Any CPU = Release|Any CPU
	EndGlobalSection
	GlobalSection(ProjectConfigurationPlatforms) = postSolution
		{E13D335C-C9B6-4245-ACFE-2DEDC4685251}.Debug|Any CPU.ActiveCfg = Debug|Any CPU
		{E13D335C-C9B6-4245-ACFE-2DEDC4685251}.Debug|Any CPU.Build.0 = Debug|Any CPU
		{E13D335C-C9B6-4245-ACFE-2DEDC4685251}.Release|Any CPU.ActiveCfg = Release|Any CPU
		{E13D335C-C9B6-4245-ACFE-2DEDC4685251}.Release|Any CPU.Build.0 = Release|Any CPU
		{3BDC3D4B-CECE-47EE-BBB5-CBCE550D4910}.Debug|Any CPU.ActiveCfg = Debug|Any CPU
		{3BDC3D4B-CECE-47EE-BBB5-CBCE550D4910}.Debug|Any CPU.Build.0 = Debug|Any CPU
		{3BDC3D4B-CECE-47EE-BBB5-CBCE550D4910}.Release|Any CPU.ActiveCfg = Release|Any CPU
		{3BDC3D4B-CECE-47EE-BBB5-CBCE550D4910}.Release|Any CPU.Build.0 = Release|Any CPU
	EndGlobalSection
	GlobalSection(SolutionProperties) = preSolution
		HideSolutionNode = FALSE
	EndGlobalSection
	GlobalSection(ExtensibilityGlobals) = postSolution
		SolutionGuid = {99C53245-D6F5-4AB0-A6A3-0355ACCEA06C}
	EndGlobalSection
EndGlobal
